Microsoft Visual Studio Solution File, Format Version 12.00
# Visual Studio 15
VisualStudioVersion = 15.0.27130.2024
MinimumVisualStudioVersion = 10.0.40219.1
Project("{FAE04EC0-301F-11D3-BF4B-00C04F79EFBC}") = "EasyBudget.iOS", "iOS\EasyBudget.iOS.csproj", "{F114EB27-9C0D-418C-AB9E-4624DA6E264B}"
EndProject
Project("{FAE04EC0-301F-11D3-BF4B-00C04F79EFBC}") = "EasyBudget.Droid", "Droid\EasyBudget.Droid.csproj", "{F1F950C1-C985-4EBF-8906-4F33D30A020E}"
EndProject
Project("{FAE04EC0-301F-11D3-BF4B-00C04F79EFBC}") = "EasyBudget.Business", "EasyBudget.Business\EasyBudget.Business.csproj", "{CC6332E0-18F0-4A8E-B6EF-3044685AB100}"
EndProject
Project("{FAE04EC0-301F-11D3-BF4B-00C04F79EFBC}") = "EasyBudget.Data", "EasyBudget.Data\EasyBudget.Data.csproj", "{FEFFF080-5BA6-48EE-8010-7B3B9CD7913D}"
EndProject
Project("{FAE04EC0-301F-11D3-BF4B-00C04F79EFBC}") = "EasyBudget.Models", "EasyBudget.Models\EasyBudget.Models.csproj", "{4E0B88F0-28EB-416D-94A5-C40C50E7CE73}"
EndProject
Project("{FAE04EC0-301F-11D3-BF4B-00C04F79EFBC}") = "EasyBudget.UnitTests", "EasyBudget.UnitTests\EasyBudget.UnitTests.csproj", "{09540F09-F2E5-4DCB-A989-ABC796BC8411}"
EndProject
Project("{FAE04EC0-301F-11D3-BF4B-00C04F79EFBC}") = "EasyBudget.Forms", "EasyBudget.Forms\EasyBudget.Forms.csproj", "{533958C2-34CE-4726-894F-DEFCAA4A0315}"
EndProject
Project("{FAE04EC0-301F-11D3-BF4B-00C04F79EFBC}") = "EasyBudget.Uwp", "EasyBudget.Uwp\EasyBudget.Uwp.csproj", "{79FFDD91-DC4C-48BF-999E-C9F34832F903}"
EndProject
Global
	GlobalSection(SolutionConfigurationPlatforms) = preSolution
		Debug|Any CPU = Debug|Any CPU
		Debug|ARM = Debug|ARM
		Debug|iPhone = Debug|iPhone
		Debug|iPhoneSimulator = Debug|iPhoneSimulator
		Debug|x64 = Debug|x64
		Debug|x86 = Debug|x86
		Release|Any CPU = Release|Any CPU
		Release|ARM = Release|ARM
		Release|iPhone = Release|iPhone
		Release|iPhoneSimulator = Release|iPhoneSimulator
		Release|x64 = Release|x64
		Release|x86 = Release|x86
	EndGlobalSection
	GlobalSection(ProjectConfigurationPlatforms) = postSolution
		{F114EB27-9C0D-418C-AB9E-4624DA6E264B}.Debug|Any CPU.ActiveCfg = Debug|iPhoneSimulator
		{F114EB27-9C0D-418C-AB9E-4624DA6E264B}.Debug|Any CPU.Build.0 = Debug|iPhoneSimulator
		{F114EB27-9C0D-418C-AB9E-4624DA6E264B}.Debug|ARM.ActiveCfg = Debug|iPhone
		{F114EB27-9C0D-418C-AB9E-4624DA6E264B}.Debug|iPhone.ActiveCfg = Debug|iPhone
		{F114EB27-9C0D-418C-AB9E-4624DA6E264B}.Debug|iPhone.Build.0 = Debug|iPhone
		{F114EB27-9C0D-418C-AB9E-4624DA6E264B}.Debug|iPhoneSimulator.ActiveCfg = Debug|iPhoneSimulator
		{F114EB27-9C0D-418C-AB9E-4624DA6E264B}.Debug|iPhoneSimulator.Build.0 = Debug|iPhoneSimulator
		{F114EB27-9C0D-418C-AB9E-4624DA6E264B}.Debug|x64.ActiveCfg = Debug|iPhone
		{F114EB27-9C0D-418C-AB9E-4624DA6E264B}.Debug|x86.ActiveCfg = Debug|iPhone
		{F114EB27-9C0D-418C-AB9E-4624DA6E264B}.Release|Any CPU.ActiveCfg = Release|iPhone
		{F114EB27-9C0D-418C-AB9E-4624DA6E264B}.Release|Any CPU.Build.0 = Release|iPhone
		{F114EB27-9C0D-418C-AB9E-4624DA6E264B}.Release|ARM.ActiveCfg = Release|iPhoneSimulator
		{F114EB27-9C0D-418C-AB9E-4624DA6E264B}.Release|iPhone.ActiveCfg = Release|iPhone
		{F114EB27-9C0D-418C-AB9E-4624DA6E264B}.Release|iPhone.Build.0 = Release|iPhone
		{F114EB27-9C0D-418C-AB9E-4624DA6E264B}.Release|iPhoneSimulator.ActiveCfg = Release|iPhoneSimulator
		{F114EB27-9C0D-418C-AB9E-4624DA6E264B}.Release|iPhoneSimulator.Build.0 = Release|iPhoneSimulator
		{F114EB27-9C0D-418C-AB9E-4624DA6E264B}.Release|x64.ActiveCfg = Release|iPhoneSimulator
		{F114EB27-9C0D-418C-AB9E-4624DA6E264B}.Release|x86.ActiveCfg = Release|iPhoneSimulator
		{F1F950C1-C985-4EBF-8906-4F33D30A020E}.Debug|Any CPU.ActiveCfg = Debug|Any CPU
		{F1F950C1-C985-4EBF-8906-4F33D30A020E}.Debug|Any CPU.Build.0 = Debug|Any CPU
		{F1F950C1-C985-4EBF-8906-4F33D30A020E}.Debug|ARM.ActiveCfg = Debug|Any CPU
		{F1F950C1-C985-4EBF-8906-4F33D30A020E}.Debug|ARM.Build.0 = Debug|Any CPU
		{F1F950C1-C985-4EBF-8906-4F33D30A020E}.Debug|ARM.Deploy.0 = Debug|Any CPU
		{F1F950C1-C985-4EBF-8906-4F33D30A020E}.Debug|iPhone.ActiveCfg = Debug|Any CPU
		{F1F950C1-C985-4EBF-8906-4F33D30A020E}.Debug|iPhone.Build.0 = Debug|Any CPU
		{F1F950C1-C985-4EBF-8906-4F33D30A020E}.Debug|iPhoneSimulator.ActiveCfg = Debug|Any CPU
		{F1F950C1-C985-4EBF-8906-4F33D30A020E}.Debug|iPhoneSimulator.Build.0 = Debug|Any CPU
		{F1F950C1-C985-4EBF-8906-4F33D30A020E}.Debug|x64.ActiveCfg = Debug|Any CPU
		{F1F950C1-C985-4EBF-8906-4F33D30A020E}.Debug|x64.Build.0 = Debug|Any CPU
		{F1F950C1-C985-4EBF-8906-4F33D30A020E}.Debug|x64.Deploy.0 = Debug|Any CPU
		{F1F950C1-C985-4EBF-8906-4F33D30A020E}.Debug|x86.ActiveCfg = Debug|Any CPU
		{F1F950C1-C985-4EBF-8906-4F33D30A020E}.Debug|x86.Build.0 = Debug|Any CPU
		{F1F950C1-C985-4EBF-8906-4F33D30A020E}.Debug|x86.Deploy.0 = Debug|Any CPU
		{F1F950C1-C985-4EBF-8906-4F33D30A020E}.Release|Any CPU.ActiveCfg = Release|Any CPU
		{F1F950C1-C985-4EBF-8906-4F33D30A020E}.Release|Any CPU.Build.0 = Release|Any CPU
		{F1F950C1-C985-4EBF-8906-4F33D30A020E}.Release|ARM.ActiveCfg = Release|Any CPU
		{F1F950C1-C985-4EBF-8906-4F33D30A020E}.Release|ARM.Build.0 = Release|Any CPU
		{F1F950C1-C985-4EBF-8906-4F33D30A020E}.Release|ARM.Deploy.0 = Release|Any CPU
		{F1F950C1-C985-4EBF-8906-4F33D30A020E}.Release|iPhone.ActiveCfg = Release|Any CPU
		{F1F950C1-C985-4EBF-8906-4F33D30A020E}.Release|iPhone.Build.0 = Release|Any CPU
		{F1F950C1-C985-4EBF-8906-4F33D30A020E}.Release|iPhoneSimulator.ActiveCfg = Release|Any CPU
		{F1F950C1-C985-4EBF-8906-4F33D30A020E}.Release|iPhoneSimulator.Build.0 = Release|Any CPU
		{F1F950C1-C985-4EBF-8906-4F33D30A020E}.Release|x64.ActiveCfg = Release|Any CPU
		{F1F950C1-C985-4EBF-8906-4F33D30A020E}.Release|x64.Build.0 = Release|Any CPU
		{F1F950C1-C985-4EBF-8906-4F33D30A020E}.Release|x64.Deploy.0 = Release|Any CPU
		{F1F950C1-C985-4EBF-8906-4F33D30A020E}.Release|x86.ActiveCfg = Release|Any CPU
		{F1F950C1-C985-4EBF-8906-4F33D30A020E}.Release|x86.Build.0 = Release|Any CPU
		{F1F950C1-C985-4EBF-8906-4F33D30A020E}.Release|x86.Deploy.0 = Release|Any CPU
		{CC6332E0-18F0-4A8E-B6EF-3044685AB100}.Debug|Any CPU.ActiveCfg = Debug|Any CPU
		{CC6332E0-18F0-4A8E-B6EF-3044685AB100}.Debug|Any CPU.Build.0 = Debug|Any CPU
		{CC6332E0-18F0-4A8E-B6EF-3044685AB100}.Debug|ARM.ActiveCfg = Debug|Any CPU
		{CC6332E0-18F0-4A8E-B6EF-3044685AB100}.Debug|ARM.Build.0 = Debug|Any CPU
		{CC6332E0-18F0-4A8E-B6EF-3044685AB100}.Debug|iPhone.ActiveCfg = Debug|Any CPU
		{CC6332E0-18F0-4A8E-B6EF-3044685AB100}.Debug|iPhone.Build.0 = Debug|Any CPU
		{CC6332E0-18F0-4A8E-B6EF-3044685AB100}.Debug|iPhoneSimulator.ActiveCfg = Debug|Any CPU
		{CC6332E0-18F0-4A8E-B6EF-3044685AB100}.Debug|iPhoneSimulator.Build.0 = Debug|Any CPU
		{CC6332E0-18F0-4A8E-B6EF-3044685AB100}.Debug|x64.ActiveCfg = Debug|Any CPU
		{CC6332E0-18F0-4A8E-B6EF-3044685AB100}.Debug|x64.Build.0 = Debug|Any CPU
		{CC6332E0-18F0-4A8E-B6EF-3044685AB100}.Debug|x86.ActiveCfg = Debug|Any CPU
		{CC6332E0-18F0-4A8E-B6EF-3044685AB100}.Debug|x86.Build.0 = Debug|Any CPU
		{CC6332E0-18F0-4A8E-B6EF-3044685AB100}.Release|Any CPU.ActiveCfg = Release|Any CPU
		{CC6332E0-18F0-4A8E-B6EF-3044685AB100}.Release|Any CPU.Build.0 = Release|Any CPU
		{CC6332E0-18F0-4A8E-B6EF-3044685AB100}.Release|ARM.ActiveCfg = Release|Any CPU
		{CC6332E0-18F0-4A8E-B6EF-3044685AB100}.Release|ARM.Build.0 = Release|Any CPU
		{CC6332E0-18F0-4A8E-B6EF-3044685AB100}.Release|iPhone.ActiveCfg = Release|Any CPU
		{CC6332E0-18F0-4A8E-B6EF-3044685AB100}.Release|iPhone.Build.0 = Release|Any CPU
		{CC6332E0-18F0-4A8E-B6EF-3044685AB100}.Release|iPhoneSimulator.ActiveCfg = Release|Any CPU
		{CC6332E0-18F0-4A8E-B6EF-3044685AB100}.Release|iPhoneSimulator.Build.0 = Release|Any CPU
		{CC6332E0-18F0-4A8E-B6EF-3044685AB100}.Release|x64.ActiveCfg = Release|Any CPU
		{CC6332E0-18F0-4A8E-B6EF-3044685AB100}.Release|x64.Build.0 = Release|Any CPU
		{CC6332E0-18F0-4A8E-B6EF-3044685AB100}.Release|x86.ActiveCfg = Release|Any CPU
		{CC6332E0-18F0-4A8E-B6EF-3044685AB100}.Release|x86.Build.0 = Release|Any CPU
		{FEFFF080-5BA6-48EE-8010-7B3B9CD7913D}.Debug|Any CPU.ActiveCfg = Debug|Any CPU
		{FEFFF080-5BA6-48EE-8010-7B3B9CD7913D}.Debug|Any CPU.Build.0 = Debug|Any CPU
		{FEFFF080-5BA6-48EE-8010-7B3B9CD7913D}.Debug|ARM.ActiveCfg = Debug|Any CPU
		{FEFFF080-5BA6-48EE-8010-7B3B9CD7913D}.Debug|ARM.Build.0 = Debug|Any CPU
		{FEFFF080-5BA6-48EE-8010-7B3B9CD7913D}.Debug|iPhone.ActiveCfg = Debug|Any CPU
		{FEFFF080-5BA6-48EE-8010-7B3B9CD7913D}.Debug|iPhone.Build.0 = Debug|Any CPU
		{FEFFF080-5BA6-48EE-8010-7B3B9CD7913D}.Debug|iPhoneSimulator.ActiveCfg = Debug|Any CPU
		{FEFFF080-5BA6-48EE-8010-7B3B9CD7913D}.Debug|iPhoneSimulator.Build.0 = Debug|Any CPU
		{FEFFF080-5BA6-48EE-8010-7B3B9CD7913D}.Debug|x64.ActiveCfg = Debug|Any CPU
		{FEFFF080-5BA6-48EE-8010-7B3B9CD7913D}.Debug|x64.Build.0 = Debug|Any CPU
		{FEFFF080-5BA6-48EE-8010-7B3B9CD7913D}.Debug|x86.ActiveCfg = Debug|Any CPU
		{FEFFF080-5BA6-48EE-8010-7B3B9CD7913D}.Debug|x86.Build.0 = Debug|Any CPU
		{FEFFF080-5BA6-48EE-8010-7B3B9CD7913D}.Release|Any CPU.ActiveCfg = Release|Any CPU
		{FEFFF080-5BA6-48EE-8010-7B3B9CD7913D}.Release|Any CPU.Build.0 = Release|Any CPU
		{FEFFF080-5BA6-48EE-8010-7B3B9CD7913D}.Release|ARM.ActiveCfg = Release|Any CPU
		{FEFFF080-5BA6-48EE-8010-7B3B9CD7913D}.Release|ARM.Build.0 = Release|Any CPU
		{FEFFF080-5BA6-48EE-8010-7B3B9CD7913D}.Release|iPhone.ActiveCfg = Release|Any CPU
		{FEFFF080-5BA6-48EE-8010-7B3B9CD7913D}.Release|iPhone.Build.0 = Release|Any CPU
		{FEFFF080-5BA6-48EE-8010-7B3B9CD7913D}.Release|iPhoneSimulator.ActiveCfg = Release|Any CPU
		{FEFFF080-5BA6-48EE-8010-7B3B9CD7913D}.Release|iPhoneSimulator.Build.0 = Release|Any CPU
		{FEFFF080-5BA6-48EE-8010-7B3B9CD7913D}.Release|x64.ActiveCfg = Release|Any CPU
		{FEFFF080-5BA6-48EE-8010-7B3B9CD7913D}.Release|x64.Build.0 = Release|Any CPU
		{FEFFF080-5BA6-48EE-8010-7B3B9CD7913D}.Release|x86.ActiveCfg = Release|Any CPU
		{FEFFF080-5BA6-48EE-8010-7B3B9CD7913D}.Release|x86.Build.0 = Release|Any CPU
		{4E0B88F0-28EB-416D-94A5-C40C50E7CE73}.Debug|Any CPU.ActiveCfg = Debug|Any CPU
		{4E0B88F0-28EB-416D-94A5-C40C50E7CE73}.Debug|Any CPU.Build.0 = Debug|Any CPU
		{4E0B88F0-28EB-416D-94A5-C40C50E7CE73}.Debug|ARM.ActiveCfg = Debug|Any CPU
		{4E0B88F0-28EB-416D-94A5-C40C50E7CE73}.Debug|ARM.Build.0 = Debug|Any CPU
		{4E0B88F0-28EB-416D-94A5-C40C50E7CE73}.Debug|iPhone.ActiveCfg = Debug|Any CPU
		{4E0B88F0-28EB-416D-94A5-C40C50E7CE73}.Debug|iPhone.Build.0 = Debug|Any CPU
		{4E0B88F0-28EB-416D-94A5-C40C50E7CE73}.Debug|iPhoneSimulator.ActiveCfg = Debug|Any CPU
		{4E0B88F0-28EB-416D-94A5-C40C50E7CE73}.Debug|iPhoneSimulator.Build.0 = Debug|Any CPU
		{4E0B88F0-28EB-416D-94A5-C40C50E7CE73}.Debug|x64.ActiveCfg = Debug|Any CPU
		{4E0B88F0-28EB-416D-94A5-C40C50E7CE73}.Debug|x64.Build.0 = Debug|Any CPU
		{4E0B88F0-28EB-416D-94A5-C40C50E7CE73}.Debug|x86.ActiveCfg = Debug|Any CPU
		{4E0B88F0-28EB-416D-94A5-C40C50E7CE73}.Debug|x86.Build.0 = Debug|Any CPU
		{4E0B88F0-28EB-416D-94A5-C40C50E7CE73}.Release|Any CPU.ActiveCfg = Release|Any CPU
		{4E0B88F0-28EB-416D-94A5-C40C50E7CE73}.Release|Any CPU.Build.0 = Release|Any CPU
		{4E0B88F0-28EB-416D-94A5-C40C50E7CE73}.Release|ARM.ActiveCfg = Release|Any CPU
		{4E0B88F0-28EB-416D-94A5-C40C50E7CE73}.Release|ARM.Build.0 = Release|Any CPU
		{4E0B88F0-28EB-416D-94A5-C40C50E7CE73}.Release|iPhone.ActiveCfg = Release|Any CPU
		{4E0B88F0-28EB-416D-94A5-C40C50E7CE73}.Release|iPhone.Build.0 = Release|Any CPU
		{4E0B88F0-28EB-416D-94A5-C40C50E7CE73}.Release|iPhoneSimulator.ActiveCfg = Release|Any CPU
		{4E0B88F0-28EB-416D-94A5-C40C50E7CE73}.Release|iPhoneSimulator.Build.0 = Release|Any CPU
		{4E0B88F0-28EB-416D-94A5-C40C50E7CE73}.Release|x64.ActiveCfg = Release|Any CPU
		{4E0B88F0-28EB-416D-94A5-C40C50E7CE73}.Release|x64.Build.0 = Release|Any CPU
		{4E0B88F0-28EB-416D-94A5-C40C50E7CE73}.Release|x86.ActiveCfg = Release|Any CPU
		{4E0B88F0-28EB-416D-94A5-C40C50E7CE73}.Release|x86.Build.0 = Release|Any CPU
		{09540F09-F2E5-4DCB-A989-ABC796BC8411}.Debug|Any CPU.ActiveCfg = Debug|Any CPU
		{09540F09-F2E5-4DCB-A989-ABC796BC8411}.Debug|Any CPU.Build.0 = Debug|Any CPU
		{09540F09-F2E5-4DCB-A989-ABC796BC8411}.Debug|ARM.ActiveCfg = Debug|Any CPU
		{09540F09-F2E5-4DCB-A989-ABC796BC8411}.Debug|ARM.Build.0 = Debug|Any CPU
		{09540F09-F2E5-4DCB-A989-ABC796BC8411}.Debug|iPhone.ActiveCfg = Debug|Any CPU
		{09540F09-F2E5-4DCB-A989-ABC796BC8411}.Debug|iPhone.Build.0 = Debug|Any CPU
		{09540F09-F2E5-4DCB-A989-ABC796BC8411}.Debug|iPhoneSimulator.ActiveCfg = Debug|Any CPU
		{09540F09-F2E5-4DCB-A989-ABC796BC8411}.Debug|iPhoneSimulator.Build.0 = Debug|Any CPU
		{09540F09-F2E5-4DCB-A989-ABC796BC8411}.Debug|x64.ActiveCfg = Debug|Any CPU
		{09540F09-F2E5-4DCB-A989-ABC796BC8411}.Debug|x64.Build.0 = Debug|Any CPU
		{09540F09-F2E5-4DCB-A989-ABC796BC8411}.Debug|x86.ActiveCfg = Debug|Any CPU
		{09540F09-F2E5-4DCB-A989-ABC796BC8411}.Debug|x86.Build.0 = Debug|Any CPU
		{09540F09-F2E5-4DCB-A989-ABC796BC8411}.Release|Any CPU.ActiveCfg = Release|Any CPU
		{09540F09-F2E5-4DCB-A989-ABC796BC8411}.Release|Any CPU.Build.0 = Release|Any CPU
		{09540F09-F2E5-4DCB-A989-ABC796BC8411}.Release|ARM.ActiveCfg = Release|Any CPU
		{09540F09-F2E5-4DCB-A989-ABC796BC8411}.Release|ARM.Build.0 = Release|Any CPU
		{09540F09-F2E5-4DCB-A989-ABC796BC8411}.Release|iPhone.ActiveCfg = Release|Any CPU
		{09540F09-F2E5-4DCB-A989-ABC796BC8411}.Release|iPhone.Build.0 = Release|Any CPU
		{09540F09-F2E5-4DCB-A989-ABC796BC8411}.Release|iPhoneSimulator.ActiveCfg = Release|Any CPU
		{09540F09-F2E5-4DCB-A989-ABC796BC8411}.Release|iPhoneSimulator.Build.0 = Release|Any CPU
		{09540F09-F2E5-4DCB-A989-ABC796BC8411}.Release|x64.ActiveCfg = Release|Any CPU
		{09540F09-F2E5-4DCB-A989-ABC796BC8411}.Release|x64.Build.0 = Release|Any CPU
		{09540F09-F2E5-4DCB-A989-ABC796BC8411}.Release|x86.ActiveCfg = Release|Any CPU
		{09540F09-F2E5-4DCB-A989-ABC796BC8411}.Release|x86.Build.0 = Release|Any CPU
		{533958C2-34CE-4726-894F-DEFCAA4A0315}.Debug|Any CPU.ActiveCfg = Debug|Any CPU
		{533958C2-34CE-4726-894F-DEFCAA4A0315}.Debug|Any CPU.Build.0 = Debug|Any CPU
		{533958C2-34CE-4726-894F-DEFCAA4A0315}.Debug|ARM.ActiveCfg = Debug|Any CPU
		{533958C2-34CE-4726-894F-DEFCAA4A0315}.Debug|ARM.Build.0 = Debug|Any CPU
		{533958C2-34CE-4726-894F-DEFCAA4A0315}.Debug|iPhone.ActiveCfg = Debug|Any CPU
		{533958C2-34CE-4726-894F-DEFCAA4A0315}.Debug|iPhone.Build.0 = Debug|Any CPU
		{533958C2-34CE-4726-894F-DEFCAA4A0315}.Debug|iPhoneSimulator.ActiveCfg = Debug|Any CPU
		{533958C2-34CE-4726-894F-DEFCAA4A0315}.Debug|iPhoneSimulator.Build.0 = Debug|Any CPU
		{533958C2-34CE-4726-894F-DEFCAA4A0315}.Debug|x64.ActiveCfg = Debug|Any CPU
		{533958C2-34CE-4726-894F-DEFCAA4A0315}.Debug|x64.Build.0 = Debug|Any CPU
		{533958C2-34CE-4726-894F-DEFCAA4A0315}.Debug|x86.ActiveCfg = Debug|Any CPU
		{533958C2-34CE-4726-894F-DEFCAA4A0315}.Debug|x86.Build.0 = Debug|Any CPU
		{533958C2-34CE-4726-894F-DEFCAA4A0315}.Release|Any CPU.ActiveCfg = Release|Any CPU
		{533958C2-34CE-4726-894F-DEFCAA4A0315}.Release|Any CPU.Build.0 = Release|Any CPU
		{533958C2-34CE-4726-894F-DEFCAA4A0315}.Release|ARM.ActiveCfg = Release|Any CPU
		{533958C2-34CE-4726-894F-DEFCAA4A0315}.Release|ARM.Build.0 = Release|Any CPU
		{533958C2-34CE-4726-894F-DEFCAA4A0315}.Release|iPhone.ActiveCfg = Release|Any CPU
		{533958C2-34CE-4726-894F-DEFCAA4A0315}.Release|iPhone.Build.0 = Release|Any CPU
		{533958C2-34CE-4726-894F-DEFCAA4A0315}.Release|iPhoneSimulator.ActiveCfg = Release|Any CPU
		{533958C2-34CE-4726-894F-DEFCAA4A0315}.Release|iPhoneSimulator.Build.0 = Release|Any CPU
		{533958C2-34CE-4726-894F-DEFCAA4A0315}.Release|x64.ActiveCfg = Release|Any CPU
		{533958C2-34CE-4726-894F-DEFCAA4A0315}.Release|x64.Build.0 = Release|Any CPU
		{533958C2-34CE-4726-894F-DEFCAA4A0315}.Release|x86.ActiveCfg = Release|Any CPU
		{533958C2-34CE-4726-894F-DEFCAA4A0315}.Release|x86.Build.0 = Release|Any CPU
		{79FFDD91-DC4C-48BF-999E-C9F34832F903}.Debug|Any CPU.ActiveCfg = Debug|x86
		{79FFDD91-DC4C-48BF-999E-C9F34832F903}.Debug|ARM.ActiveCfg = Debug|ARM
		{79FFDD91-DC4C-48BF-999E-C9F34832F903}.Debug|ARM.Build.0 = Debug|ARM
		{79FFDD91-DC4C-48BF-999E-C9F34832F903}.Debug|ARM.Deploy.0 = Debug|ARM
		{79FFDD91-DC4C-48BF-999E-C9F34832F903}.Debug|iPhone.ActiveCfg = Debug|x86
		{79FFDD91-DC4C-48BF-999E-C9F34832F903}.Debug|iPhoneSimulator.ActiveCfg = Debug|x86
		{79FFDD91-DC4C-48BF-999E-C9F34832F903}.Debug|x64.ActiveCfg = Debug|x64
		{79FFDD91-DC4C-48BF-999E-C9F34832F903}.Debug|x64.Build.0 = Debug|x64
		{79FFDD91-DC4C-48BF-999E-C9F34832F903}.Debug|x64.Deploy.0 = Debug|x64
		{79FFDD91-DC4C-48BF-999E-C9F34832F903}.Debug|x86.ActiveCfg = Debug|x86
		{79FFDD91-DC4C-48BF-999E-C9F34832F903}.Debug|x86.Build.0 = Debug|x86
		{79FFDD91-DC4C-48BF-999E-C9F34832F903}.Debug|x86.Deploy.0 = Debug|x86
		{79FFDD91-DC4C-48BF-999E-C9F34832F903}.Release|Any CPU.ActiveCfg = Release|x86
		{79FFDD91-DC4C-48BF-999E-C9F34832F903}.Release|ARM.ActiveCfg = Release|ARM
		{79FFDD91-DC4C-48BF-999E-C9F34832F903}.Release|ARM.Build.0 = Release|ARM
		{79FFDD91-DC4C-48BF-999E-C9F34832F903}.Release|ARM.Deploy.0 = Release|ARM
		{79FFDD91-DC4C-48BF-999E-C9F34832F903}.Release|iPhone.ActiveCfg = Release|x86
		{79FFDD91-DC4C-48BF-999E-C9F34832F903}.Release|iPhoneSimulator.ActiveCfg = Release|x86
		{79FFDD91-DC4C-48BF-999E-C9F34832F903}.Release|x64.ActiveCfg = Release|x64
		{79FFDD91-DC4C-48BF-999E-C9F34832F903}.Release|x64.Build.0 = Release|x64
		{79FFDD91-DC4C-48BF-999E-C9F34832F903}.Release|x64.Deploy.0 = Release|x64
		{79FFDD91-DC4C-48BF-999E-C9F34832F903}.Release|x86.ActiveCfg = Release|x86
		{79FFDD91-DC4C-48BF-999E-C9F34832F903}.Release|x86.Build.0 = Release|x86
		{79FFDD91-DC4C-48BF-999E-C9F34832F903}.Release|x86.Deploy.0 = Release|x86
	EndGlobalSection
	GlobalSection(SolutionProperties) = preSolution
		HideSolutionNode = FALSE
	EndGlobalSection
	GlobalSection(ExtensibilityGlobals) = postSolution
		SolutionGuid = {6BD26467-A8B0-4CA2-93E8-1B06C910C02B}
	EndGlobalSection
EndGlobal
